
Microsoft Visual Studio Solution File, Format Version 12.00
# Visual Studio Version 17
VisualStudioVersion = 17.4.33205.214
MinimumVisualStudioVersion = 10.0.40219.1
Project("{FAE04EC0-301F-11D3-BF4B-00C04F79EFBC}") = "AoC_ConsoleProject", "AoC_ConsoleProject\AoC_ConsoleProject.csproj", "{F06ED34C-21FB-4BA4-BF4A-A5EF54C6229D}"
EndProject
Global
	GlobalSection(SolutionConfigurationPlatforms) = preSolution
		Debug|Any CPU = Debug|Any CPU
		Release|Any CPU = Release|Any CPU
	EndGlobalSection
	GlobalSection(ProjectConfigurationPlatforms) = postSolution
		{F06ED34C-21FB-4BA4-BF4A-A5EF54C6229D}.Debug|Any CPU.ActiveCfg = Debug|Any CPU
		{F06ED34C-21FB-4BA4-BF4A-A5EF54C6229D}.Debug|Any CPU.Build.0 = Debug|Any CPU
		{F06ED34C-21FB-4BA4-BF4A-A5EF54C6229D}.Release|Any CPU.ActiveCfg = Release|Any CPU
		{F06ED34C-21FB-4BA4-BF4A-A5EF54C6229D}.Release|Any CPU.Build.0 = Release|Any CPU
	EndGlobalSection
	GlobalSection(SolutionProperties) = preSolution
		HideSolutionNode = FALSE
	EndGlobalSection
	GlobalSection(ExtensibilityGlobals) = postSolution
		SolutionGuid = {4A3536C6-CF45-45B1-A3E3-632FF9E7ACA5}
	EndGlobalSection
EndGlobal
